{
  "nodes": {
    "brew-src": {
      "flake": false,
      "locked": {
        "lastModified": 1762570980,
        "narHash": "sha256-Yc5Y/XwWP8AZ3K+D6ASUbkMULwKHrkKLqYoktNF7MIs=",
        "owner": "Homebrew",
        "repo": "brew",
        "rev": "e8875f793f70d7af63a0f3a3680cad095c815f26",
        "type": "github"
      },
      "original": {
        "owner": "Homebrew",
        "ref": "main",
        "repo": "brew",
        "type": "github"
      }
    },
    "cl-nix-lite": {
      "locked": {
        "lastModified": 1762584377,
        "narHash": "sha256-sfsiTgu3Yd8BTQK/3jtjFxL9JHgYzGRYlWFOtj7Ww1w=",
        "owner": "verymucho",
        "repo": "cl-nix-lite",
        "rev": "132c1eed9b04a5b82339fdab42d52e30237de4ff",
        "type": "github"
      },
      "original": {
        "owner": "verymucho",
        "ref": "main",
        "repo": "cl-nix-lite",
        "type": "github"
      }
    },
    "darwin": {
      "inputs": {
        "nixpkgs": [
          "nixpkgs"
        ]
      },
      "locked": {
        "lastModified": 1762501326,
        "narHash": "sha256-QbhsksHaIN6qU3oXhwUFbYycKX1GRxObpQSWAM5fhRY=",
        "owner": "nix-darwin",
        "repo": "nix-darwin",
        "rev": "e2b82ebd0f990a5d1b68fcc761b3d6383c86ccfd",
        "type": "github"
      },
      "original": {
        "owner": "nix-darwin",
        "ref": "master",
        "repo": "nix-darwin",
        "type": "github"
      }
    },
    "flake-compat": {
      "flake": false,
      "locked": {
        "lastModified": 1730663653,
        "narHash": "sha256-kFCUWettiFHDIqxCWWQ9qY8pVh+Lj+XL0Giyy/kdomg=",
        "owner": "hraban",
        "repo": "flake-compat",
        "rev": "e5b16676185cb7548581c852f51ce7f3a49bba5e",
        "type": "github"
      },
      "original": {
        "owner": "hraban",
        "ref": "fixed-output",
        "repo": "flake-compat",
        "type": "github"
      }
    },
    "flake-utils": {
      "inputs": {
        "systems": "systems"
      },
      "locked": {
        "lastModified": 1731533236,
        "narHash": "sha256-l0KFg5HjrsfsO/JpG+r7fRrqm12kzFHyUHqHCVpMMbI=",
        "owner": "numtide",
        "repo": "flake-utils",
        "rev": "11707dc2f618dd54ca8739b309ec4fc024de578b",
        "type": "github"
      },
      "original": {
        "owner": "numtide",
        "repo": "flake-utils",
        "type": "github"
      }
    },
    "flake-utils_2": {
      "inputs": {
        "systems": [
          "mac-app-util",
          "systems"
        ]
      },
      "locked": {
        "lastModified": 1731533236,
        "narHash": "sha256-l0KFg5HjrsfsO/JpG+r7fRrqm12kzFHyUHqHCVpMMbI=",
        "owner": "numtide",
        "repo": "flake-utils",
        "rev": "11707dc2f618dd54ca8739b309ec4fc024de578b",
        "type": "github"
      },
      "original": {
        "id": "flake-utils",
        "type": "indirect"
      }
    },
    "home-manager": {
      "inputs": {
        "nixpkgs": [
          "nixpkgs"
        ]
      },
      "locked": {
        "lastModified": 1762463325,
        "narHash": "sha256-33YUsWpPyeBZEWrKQ2a1gkRZ7i0XCC/2MYpU6BVeQSU=",
        "owner": "nix-community",
        "repo": "home-manager",
        "rev": "0562fef070a1027325dd4ea10813d64d2c967b39",
        "type": "github"
      },
      "original": {
        "owner": "nix-community",
        "repo": "home-manager",
        "type": "github"
      }
    },
    "homebrew-cask": {
      "flake": false,
      "locked": {
        "lastModified": 1762578949,
        "narHash": "sha256-rhDTOchi5IUDYXVPnwXOLPuYZt4faq4gtf/OuDvrcv4=",
        "owner": "homebrew",
        "repo": "homebrew-cask",
        "rev": "de12a68e85074585cc5956f0966971f3e897ec6c",
        "type": "github"
      },
      "original": {
        "owner": "homebrew",
        "repo": "homebrew-cask",
        "type": "github"
      }
    },
    "homebrew-cirruslabs": {
      "flake": false,
      "locked": {
        "lastModified": 1761928603,
        "narHash": "sha256-GEI0xsPb5OHcHJmRE9ZaZn06YypTgfpdWkcxIiZ2tGk=",
        "owner": "cirruslabs",
        "repo": "homebrew-cli",
        "rev": "4a83600ab654b1ab214054f824a62a64f1aceee6",
        "type": "github"
      },
      "original": {
        "owner": "cirruslabs",
        "repo": "homebrew-cli",
        "type": "github"
      }
    },
    "homebrew-core": {
      "flake": false,
      "locked": {
        "lastModified": 1762583311,
        "narHash": "sha256-mprxUFq2GZ/SrwBUebQXaDf5xx/1nzIBqxy1M8VZ6nk=",
        "owner": "homebrew",
        "repo": "homebrew-core",
        "rev": "845258f1de6f9795a69872dbda4cead6aace6a4a",
        "type": "github"
      },
      "original": {
        "owner": "homebrew",
        "repo": "homebrew-core",
        "type": "github"
      }
    },
    "homebrew-hashicorp": {
      "flake": false,
      "locked": {
        "lastModified": 1762412388,
        "narHash": "sha256-ROyr9sSb/rPW/r+IwiOu6u/pKUl5A2oASGR10LRJmwc=",
        "owner": "hashicorp",
        "repo": "homebrew-tap",
        "rev": "4ca8226092fd3de84b281b6a134aa3f3f65d099c",
        "type": "github"
      },
      "original": {
        "owner": "hashicorp",
        "repo": "homebrew-tap",
        "type": "github"
      }
    },
    "homebrew-stash": {
      "flake": false,
      "locked": {
        "lastModified": 1762411929,
        "narHash": "sha256-Afu/H4GLSJ1I6U07/LfgDPMXyA9E2kJoe1c0KUq0iEs=",
        "owner": "otsge",
        "repo": "homebrew-stash",
        "rev": "28275bfa04300947211d31afd660c31237ba9e8f",
        "type": "github"
      },
      "original": {
        "owner": "otsge",
        "repo": "homebrew-stash",
        "type": "github"
      }
    },
    "homebrew-wailbrew": {
      "flake": false,
      "locked": {
        "lastModified": 1762285774,
        "narHash": "sha256-G1oGv6I8MWYp4dYOxXkNlLzAKZKPSoVRiO4m4X4B7Fg=",
        "owner": "wickenico",
        "repo": "homebrew-wailbrew",
        "rev": "ee0d25852729abb963ca6c51b8ae1049af84ad8f",
        "type": "github"
      },
      "original": {
        "owner": "wickenico",
        "repo": "homebrew-wailbrew",
        "type": "github"
      }
    },
    "mac-app-util": {
      "inputs": {
        "cl-nix-lite": "cl-nix-lite",
        "flake-compat": "flake-compat",
        "flake-utils": "flake-utils_2",
        "nixpkgs": [
          "nixpkgs"
        ],
        "systems": "systems_2",
        "treefmt-nix": "treefmt-nix"
      },
      "locked": {
        "lastModified": 1756057867,
        "narHash": "sha256-ziR5eQGqRWhW8tf8r0TIplaqNt+HXu1G1X41LUr4IYo=",
        "owner": "hraban",
        "repo": "mac-app-util",
        "rev": "8414fa1e2cb775b17793104a9095aabeeada63ef",
        "type": "github"
      },
      "original": {
        "owner": "hraban",
        "repo": "mac-app-util",
        "type": "github"
      }
    },
    "nix-homebrew": {
      "inputs": {
        "brew-src": "brew-src"
      },
      "locked": {
        "lastModified": 1762581373,
        "narHash": "sha256-PakFNS8hBq7Oo5M1hsMKEsqv/U0JAf8FQwK1z0Vgq3k=",
        "owner": "slickag",
        "repo": "nix-homebrew",
        "rev": "b95f42aeed24205ea2ae2e774644c1b66c3380f3",
        "type": "github"
      },
      "original": {
        "owner": "slickag",
        "ref": "brew-latest-patch-1",
        "repo": "nix-homebrew",
        "type": "github"
      }
    },
    "nixpkgs": {
      "locked": {
        "lastModified": 1754340878,
        "narHash": "sha256-lgmUyVQL9tSnvvIvBp7x1euhkkCho7n3TMzgjdvgPoU=",
        "owner": "nixos",
        "repo": "nixpkgs",
        "rev": "cab778239e705082fe97bb4990e0d24c50924c04",
        "type": "github"
      },
      "original": {
        "owner": "nixos",
        "ref": "nixpkgs-unstable",
        "repo": "nixpkgs",
        "type": "github"
      }
    },
    "nixpkgs_2": {
      "locked": {
        "lastModified": 1762361079,
        "narHash": "sha256-lz718rr1BDpZBYk7+G8cE6wee3PiBUpn8aomG/vLLiY=",
        "owner": "NixOS",
        "repo": "nixpkgs",
        "rev": "ffcdcf99d65c61956d882df249a9be53e5902ea5",
        "type": "github"
      },
      "original": {
        "owner": "NixOS",
        "ref": "nixpkgs-unstable",
        "repo": "nixpkgs",
        "type": "github"
      }
    },
    "root": {
      "inputs": {
        "darwin": "darwin",
        "flake-utils": "flake-utils",
        "home-manager": "home-manager",
        "homebrew-cask": "homebrew-cask",
        "homebrew-cirruslabs": "homebrew-cirruslabs",
        "homebrew-core": "homebrew-core",
        "homebrew-hashicorp": "homebrew-hashicorp",
        "homebrew-stash": "homebrew-stash",
        "homebrew-wailbrew": "homebrew-wailbrew",
        "mac-app-util": "mac-app-util",
        "nix-homebrew": "nix-homebrew",
        "nixpkgs": "nixpkgs_2"
      }
    },
    "systems": {
      "locked": {
        "lastModified": 1681028828,
        "narHash": "sha256-Vy1rq5AaRuLzOxct8nz4T6wlgyUR7zLU309k9mBC768=",
        "owner": "nix-systems",
        "repo": "default",
        "rev": "da67096a3b9bf56a91d16901293e51ba5b49a27e",
        "type": "github"
      },
      "original": {
        "owner": "nix-systems",
        "repo": "default",
        "type": "github"
      }
    },
    "systems_2": {
      "locked": {
        "lastModified": 1689347925,
        "narHash": "sha256-ozenz5bFe1UUqOn7f60HRmgc01BgTGIKZ4Xl+HbocGQ=",
        "owner": "nix-systems",
        "repo": "default-darwin",
        "rev": "2235d7e6cc29ae99878133c95e9fe5e157661ffb",
        "type": "github"
      },
      "original": {
        "owner": "nix-systems",
        "repo": "default-darwin",
        "type": "github"
      }
    },
    "treefmt-nix": {
      "inputs": {
        "nixpkgs": "nixpkgs"
      },
      "locked": {
        "lastModified": 1755934250,
        "narHash": "sha256-CsDojnMgYsfshQw3t4zjRUkmMmUdZGthl16bXVWgRYU=",
        "owner": "numtide",
        "repo": "treefmt-nix",
        "rev": "74e1a52d5bd9430312f8d1b8b0354c92c17453e5",
        "type": "github"
      },
      "original": {
        "owner": "numtide",
        "repo": "treefmt-nix",
        "type": "github"
      }
    }
  },
  "root": "root",
  "version": 7
}
